# THIS IS AN AUTOGENERATED FILE. DO NOT EDIT THIS FILE DIRECTLY.
# yarn lockfile v1


"@smartface/native@^4.3.4 || ^4.3.5-beta || ^4.3.5.alpha":
  version "4.3.5-beta.2"
  resolved "https://registry.yarnpkg.com/@smartface/native/-/native-4.3.5-beta.2.tgz#7703180dc59494dfd1dc49fa9c6882798892a349"
  integrity sha512-yD3DLC1lqe+SqBxC1YuwO8ep1686Yi1kHh4vWOAKGXldB94hQ1QuOzsQAt06qUA3DGF3OhJwwZCN2F/1D/SEdQ==

"@types/node@^16.6.1":
  version "16.10.3"
  resolved "https://registry.yarnpkg.com/@types/node/-/node-16.10.3.tgz#7a8f2838603ea314d1d22bb3171d899e15c57bd5"
  integrity sha512-ho3Ruq+fFnBrZhUYI46n/bV2GjwzSkwuT4dTf0GkuNFmnb8nq4ny2z9JEVemFi6bdEJanHLlYfy9c6FN9B9McQ==

typescript@^4.3.5:
  version "4.4.3"
  resolved "https://registry.yarnpkg.com/typescript/-/typescript-4.4.3.tgz#bdc5407caa2b109efd4f82fe130656f977a29324"
  integrity sha512-4xfscpisVgqqDfPaJo5vkd+Qd/ItkoagnHpufr+i2QCHBsNYp+G7UAoyFl8aPtx879u38wPV65rZ8qbGZijalA==
